
Microsoft Visual Studio Solution File, Format Version 12.00
# Visual Studio Version 17
VisualStudioVersion = 17.4.33213.308
MinimumVisualStudioVersion = 10.0.40219.1
Project("{8BC9CEB8-8B4A-11D0-8D11-00A0C91BC942}") = "DFS_for_shortest_path_in_non-weighted_graph", "DFS_for_shortest_path_in_non-weighted_graph\DFS_for_shortest_path_in_non-weighted_graph.vcxproj", "{C630D648-CEE7-4BB5-A324-24A120CE6433}"
EndProject
Global
	GlobalSection(SolutionConfigurationPlatforms) = preSolution
		Debug|x64 = Debug|x64
		Debug|x86 = Debug|x86
		Release|x64 = Release|x64
		Release|x86 = Release|x86
	EndGlobalSection
	GlobalSection(ProjectConfigurationPlatforms) = postSolution
		{C630D648-CEE7-4BB5-A324-24A120CE6433}.Debug|x64.ActiveCfg = Debug|x64
		{C630D648-CEE7-4BB5-A324-24A120CE6433}.Debug|x64.Build.0 = Debug|x64
		{C630D648-CEE7-4BB5-A324-24A120CE6433}.Debug|x86.ActiveCfg = Debug|Win32
		{C630D648-CEE7-4BB5-A324-24A120CE6433}.Debug|x86.Build.0 = Debug|Win32
		{C630D648-CEE7-4BB5-A324-24A120CE6433}.Release|x64.ActiveCfg = Release|x64
		{C630D648-CEE7-4BB5-A324-24A120CE6433}.Release|x64.Build.0 = Release|x64
		{C630D648-CEE7-4BB5-A324-24A120CE6433}.Release|x86.ActiveCfg = Release|Win32
		{C630D648-CEE7-4BB5-A324-24A120CE6433}.Release|x86.Build.0 = Release|Win32
	EndGlobalSection
	GlobalSection(SolutionProperties) = preSolution
		HideSolutionNode = FALSE
	EndGlobalSection
	GlobalSection(ExtensibilityGlobals) = postSolution
		SolutionGuid = {007A0364-70BE-487F-88C5-408CA91EE92C}
	EndGlobalSection
EndGlobal
